
Microsoft Visual Studio Solution File, Format Version 12.00
# Visual Studio Version 17
VisualStudioVersion = 17.10.35013.160
MinimumVisualStudioVersion = 10.0.40219.1
Project("{FAE04EC0-301F-11D3-BF4B-00C04F79EFBC}") = "GYY", "GuaDan\GYY.csproj", "{28CC78B4-AE79-4C25-85E1-F6A32361CC59}"
EndProject
Project("{FAE04EC0-301F-11D3-BF4B-00C04F79EFBC}") = "WeControl", "WeControl\WeControl.csproj", "{E4148F5C-1CB8-46B3-820B-CEFA6BBCD800}"
EndProject
Project("{FAE04EC0-301F-11D3-BF4B-00C04F79EFBC}") = "GuaDan.Tests", "GuaDan.Tests\GuaDan.Tests.csproj", "{3D929C2E-750B-4372-B10A-3F07F19CFFFA}"
EndProject
Global
	GlobalSection(SolutionConfigurationPlatforms) = preSolution
		Debug|Any CPU = Debug|Any CPU
		Release|Any CPU = Release|Any CPU
	EndGlobalSection
	GlobalSection(ProjectConfigurationPlatforms) = postSolution
		{28CC78B4-AE79-4C25-85E1-F6A32361CC59}.Debug|Any CPU.ActiveCfg = Debug|Any CPU
		{28CC78B4-AE79-4C25-85E1-F6A32361CC59}.Debug|Any CPU.Build.0 = Debug|Any CPU
		{28CC78B4-AE79-4C25-85E1-F6A32361CC59}.Release|Any CPU.ActiveCfg = Release|Any CPU
		{28CC78B4-AE79-4C25-85E1-F6A32361CC59}.Release|Any CPU.Build.0 = Release|Any CPU
		{E4148F5C-1CB8-46B3-820B-CEFA6BBCD800}.Debug|Any CPU.ActiveCfg = Debug|Any CPU
		{E4148F5C-1CB8-46B3-820B-CEFA6BBCD800}.Debug|Any CPU.Build.0 = Debug|Any CPU
		{E4148F5C-1CB8-46B3-820B-CEFA6BBCD800}.Release|Any CPU.ActiveCfg = Release|Any CPU
		{E4148F5C-1CB8-46B3-820B-CEFA6BBCD800}.Release|Any CPU.Build.0 = Release|Any CPU
		{3D929C2E-750B-4372-B10A-3F07F19CFFFA}.Debug|Any CPU.ActiveCfg = Debug|Any CPU
		{3D929C2E-750B-4372-B10A-3F07F19CFFFA}.Debug|Any CPU.Build.0 = Debug|Any CPU
		{3D929C2E-750B-4372-B10A-3F07F19CFFFA}.Release|Any CPU.ActiveCfg = Release|Any CPU
		{3D929C2E-750B-4372-B10A-3F07F19CFFFA}.Release|Any CPU.Build.0 = Release|Any CPU
	EndGlobalSection
	GlobalSection(SolutionProperties) = preSolution
		HideSolutionNode = FALSE
	EndGlobalSection
	GlobalSection(ExtensibilityGlobals) = postSolution
		SolutionGuid = {E70AC41E-BB6B-4EC1-8822-B62CE2954B43}
	EndGlobalSection
EndGlobal
